PODS:
  - BugfenderSDK (1.10.5)
  - Flutter (1.0.0)
  - flutter_bluetooth_basic (0.0.1):
    - Flutter
  - flutter_bugfender (1.2.1):
    - BugfenderSDK (~> 1.10)
    - Flutter
  - flutter_keyboard_visibility (0.0.1):
    - Flutter
  - FMDB (2.7.5):
    - FMDB/standard (= 2.7.5)
  - FMDB/standard (2.7.5)
  - image_picker_ios (0.0.1):
    - Flutter
  - path_provider_ios (0.0.1):
    - Flutter
  - permission_handler_apple (9.0.4):
    - Flutter
  - sqflite (0.0.2):
    - Flutter
    - FMDB (>= 2.7.5)

DEPENDENCIES:
  - Flutter (from `Flutter`)
  - flutter_bluetooth_basic (from `.symlinks/plugins/flutter_bluetooth_basic/ios`)
  - flutter_bugfender (from `.symlinks/plugins/flutter_bugfender/ios`)
  - flutter_keyboard_visibility (from `.symlinks/plugins/flutter_keyboard_visibility/ios`)
  - image_picker_ios (from `.symlinks/plugins/image_picker_ios/ios`)
  - path_provider_ios (from `.symlinks/plugins/path_provider_ios/ios`)
  - permission_handler_apple (from `.symlinks/plugins/permission_handler_apple/ios`)
  - sqflite (from `.symlinks/plugins/sqflite/ios`)

SPEC REPOS:
  trunk:
    - BugfenderSDK
    - FMDB

EXTERNAL SOURCES:
  Flutter:
    :path: Flutter
  flutter_bluetooth_basic:
    :path: ".symlinks/plugins/flutter_bluetooth_basic/ios"
  flutter_bugfender:
    :path: ".symlinks/plugins/flutter_bugfender/ios"
  flutter_keyboard_visibility:
    :path: ".symlinks/plugins/flutter_keyboard_visibility/ios"
  image_picker_ios:
    :path: ".symlinks/plugins/image_picker_ios/ios"
  path_provider_ios:
    :path: ".symlinks/plugins/path_provider_ios/ios"
  permission_handler_apple:
    :path: ".symlinks/plugins/permission_handler_apple/ios"
  sqflite:
    :path: ".symlinks/plugins/sqflite/ios"

SPEC CHECKSUMS:
  BugfenderSDK: 210724a09aa05c9f6cdaea17af0fbbc2527a654d
  Flutter: 50d75fe2f02b26cc09d224853bb45737f8b3214a
  flutter_bluetooth_basic: 0e4e27e22b50b3a25cc1d1e131953feb4af414f4
  flutter_bugfender: c84c57981007416543532c27a6509b04935773c9
  flutter_keyboard_visibility: 0339d06371254c3eb25eeb90ba8d17dca8f9c069
  FMDB: 2ce00b547f966261cd18927a3ddb07cb6f3db82a
  image_picker_ios: b786a5dcf033a8336a657191401bfdf12017dabb
  path_provider_ios: 14f3d2fd28c4fdb42f44e0f751d12861c43cee02
  permission_handler_apple: 44366e37eaf29454a1e7b1b7d736c2cceaeb17ce
  sqflite: 6d358c025f5b867b29ed92fc697fd34924e11904

PODFILE CHECKSUM: 3aecb650500cd3b2780035cd4947926ec0c98ee4

COCOAPODS: 1.11.3
